
Microsoft Visual Studio Solution File, Format Version 12.00
# Visual Studio 15
VisualStudioVersion = 15.0.27703.2035
MinimumVisualStudioVersion = 10.0.40219.1
Project("{8BC9CEB8-8B4A-11D0-8D11-00A0C91BC942}") = "ape", "ape\ape.vcxproj", "{E447C6D7-47BB-4C5D-A448-11B4BA586182}"
EndProject
Global
	GlobalSection(SolutionConfigurationPlatforms) = preSolution
		Debug|x64 = Debug|x64
		Debug|x86 = Debug|x86
		Release|x64 = Release|x64
		Release|x86 = Release|x86
	EndGlobalSection
	GlobalSection(ProjectConfigurationPlatforms) = postSolution
		{E447C6D7-47BB-4C5D-A448-11B4BA586182}.Debug|x64.ActiveCfg = Debug|x64
		{E447C6D7-47BB-4C5D-A448-11B4BA586182}.Debug|x64.Build.0 = Debug|x64
		{E447C6D7-47BB-4C5D-A448-11B4BA586182}.Debug|x86.ActiveCfg = Debug|Win32
		{E447C6D7-47BB-4C5D-A448-11B4BA586182}.Debug|x86.Build.0 = Debug|Win32
		{E447C6D7-47BB-4C5D-A448-11B4BA586182}.Release|x64.ActiveCfg = Release|x64
		{E447C6D7-47BB-4C5D-A448-11B4BA586182}.Release|x64.Build.0 = Release|x64
		{E447C6D7-47BB-4C5D-A448-11B4BA586182}.Release|x86.ActiveCfg = Release|Win32
		{E447C6D7-47BB-4C5D-A448-11B4BA586182}.Release|x86.Build.0 = Release|Win32
	EndGlobalSection
	GlobalSection(SolutionProperties) = preSolution
		HideSolutionNode = FALSE
	EndGlobalSection
	GlobalSection(ExtensibilityGlobals) = postSolution
		SolutionGuid = {61164F07-C2FB-4AED-87E5-4DE32F48FC9A}
	EndGlobalSection
EndGlobal
