<?xml version="1.0" encoding="utf-8"?>
<Project ToolsVersion="4.0" xmlns="http://schemas.microsoft.com/developer/msbuild/2003">
  <ItemGroup>
    <Filter Include="源文件">
      <UniqueIdentifier>{4FC737F1-C7A5-4376-A066-2A32D752A2FF}</UniqueIdentifier>
      <Extensions>cpp;c;cc;cxx;def;odl;idl;hpj;bat;asm;asmx</Extensions>
    </Filter>
    <Filter Include="头文件">
      <UniqueIdentifier>{93995380-89BD-4b04-88EB-625FBE52EBFB}</UniqueIdentifier>
      <Extensions>h;hh;hpp;hxx;hm;inl;inc;ipp;xsd</Extensions>
    </Filter>
    <Filter Include="资源文件">
      <UniqueIdentifier>{67DA6AB6-F800-4c08-8B7A-83BB121AAD01}</UniqueIdentifier>
      <Extensions>rc;ico;cur;bmp;dlg;rc2;rct;bin;rgs;gif;jpg;jpeg;jpe;resx;tiff;tif;png;wav;mfcribbon-ms</Extensions>
    </Filter>
  </ItemGroup>
  <ItemGroup>
    <ClInclude Include="src\ai_access.hpp">
      <Filter>头文件</Filter>
    </ClInclude>
    <ClInclude Include="src\ai_access_imp.hpp">
      <Filter>头文件</Filter>
    </ClInclude>
    <ClInclude Include="src\ai_active.hpp">
      <Filter>头文件</Filter>
    </ClInclude>
    <ClInclude Include="src\ai_predicate.hpp">
      <Filter>头文件</Filter>
    </ClInclude>
    <ClInclude Include="src\ape_brain.hpp">
      <Filter>头文件</Filter>
    </ClInclude>
    <ClInclude Include="src\ape_input.hpp">
      <Filter>头文件</Filter>
    </ClInclude>
    <ClInclude Include="src\ape_output.hpp">
      <Filter>头文件</Filter>
    </ClInclude>
    <ClInclude Include="src\ape_spine.hpp">
      <Filter>头文件</Filter>
    </ClInclude>
    <ClInclude Include="src\BusClient.hpp">
      <Filter>头文件</Filter>
    </ClInclude>
    <ClInclude Include="src\BusMessage.hpp">
      <Filter>头文件</Filter>
    </ClInclude>
    <ClInclude Include="src\BusMsgTarget.hpp">
      <Filter>头文件</Filter>
    </ClInclude>
    <ClInclude Include="src\BusProxy.hpp">
      <Filter>头文件</Filter>
    </ClInclude>
    <ClInclude Include="src\EmotionTarget.hpp">
      <Filter>头文件</Filter>
    </ClInclude>
    <ClInclude Include="src\IBusServer.hpp">
      <Filter>头文件</Filter>
    </ClInclude>
    <ClInclude Include="src\NeurAxon.hpp">
      <Filter>头文件</Filter>
    </ClInclude>
    <ClInclude Include="src\NeurConscious.hpp">
      <Filter>头文件</Filter>
    </ClInclude>
    <ClInclude Include="src\NeurCortex.hpp">
      <Filter>头文件</Filter>
    </ClInclude>
    <ClInclude Include="src\NeurDendrite.hpp">
      <Filter>头文件</Filter>
    </ClInclude>
    <ClInclude Include="src\NeurEmotion.hpp">
      <Filter>头文件</Filter>
    </ClInclude>
    <ClInclude Include="src\NeurInstinct.hpp">
      <Filter>头文件</Filter>
    </ClInclude>
    <ClInclude Include="src\NeurLayer.hpp">
      <Filter>头文件</Filter>
    </ClInclude>
    <ClInclude Include="src\NeuronalLayerPool.hpp">
      <Filter>头文件</Filter>
    </ClInclude>
    <ClInclude Include="src\NeuronalPool.hpp">
      <Filter>头文件</Filter>
    </ClInclude>
    <ClInclude Include="src\NeuronDef.hpp">
      <Filter>头文件</Filter>
    </ClInclude>
    <ClInclude Include="src\NeurUnconsci.hpp">
      <Filter>头文件</Filter>
    </ClInclude>
    <ClInclude Include="src\BusMsgText.hpp">
      <Filter>头文件</Filter>
    </ClInclude>
    <ClInclude Include="src\ai_prop.hpp">
      <Filter>头文件</Filter>
    </ClInclude>
  </ItemGroup>
  <ItemGroup>
    <ClCompile Include="src\ape.cpp">
      <Filter>源文件</Filter>
    </ClCompile>
    <ClCompile Include="src\ape_brain.cpp">
      <Filter>源文件</Filter>
    </ClCompile>
    <ClCompile Include="src\ape_input.cpp">
      <Filter>源文件</Filter>
    </ClCompile>
    <ClCompile Include="src\ape_output.cpp">
      <Filter>源文件</Filter>
    </ClCompile>
    <ClCompile Include="src\ape_spine.cpp">
      <Filter>源文件</Filter>
    </ClCompile>
    <ClCompile Include="src\BusClient.cpp">
      <Filter>源文件</Filter>
    </ClCompile>
    <ClCompile Include="src\BusMessage.cpp">
      <Filter>源文件</Filter>
    </ClCompile>
    <ClCompile Include="src\BusProxy.cpp">
      <Filter>源文件</Filter>
    </ClCompile>
    <ClCompile Include="src\EmotionTarget.cpp">
      <Filter>源文件</Filter>
    </ClCompile>
    <ClCompile Include="src\NeurAxon.cpp">
      <Filter>源文件</Filter>
    </ClCompile>
    <ClCompile Include="src\NeurConscious.cpp">
      <Filter>源文件</Filter>
    </ClCompile>
    <ClCompile Include="src\NeurCortex.cpp">
      <Filter>源文件</Filter>
    </ClCompile>
    <ClCompile Include="src\NeurDendrite.cpp">
      <Filter>源文件</Filter>
    </ClCompile>
    <ClCompile Include="src\NeurEmotion.cpp">
      <Filter>源文件</Filter>
    </ClCompile>
    <ClCompile Include="src\NeurInstinct.cpp">
      <Filter>源文件</Filter>
    </ClCompile>
    <ClCompile Include="src\NeurLayer.cpp">
      <Filter>源文件</Filter>
    </ClCompile>
    <ClCompile Include="src\NeuronalLayerPool.cpp">
      <Filter>源文件</Filter>
    </ClCompile>
    <ClCompile Include="src\NeuronalPool.cpp">
      <Filter>源文件</Filter>
    </ClCompile>
    <ClCompile Include="src\NeuronDef.cpp">
      <Filter>源文件</Filter>
    </ClCompile>
    <ClCompile Include="src\NeurUnconsci.cpp">
      <Filter>源文件</Filter>
    </ClCompile>
    <ClCompile Include="src\BusMsgText.cpp">
      <Filter>源文件</Filter>
    </ClCompile>
  </ItemGroup>
</Project>